// !$*UTF8*$!
{
	archiveVersion = 1;
	classes = {
	};
	objectVersion = 77;
	objects = {

/* Begin PBXBuildFile section */
		3871B8A42DE7DDE800693FE8 /* Apollo in Frameworks */ = {isa = PBXBuildFile; productRef = 3871B8A32DE7DDE800693FE8 /* Apollo */; };
		3871B8A62DE7DDE800693FE8 /* ApolloWebSocket in Frameworks */ = {isa = PBXBuildFile; productRef = 3871B8A52DE7DDE800693FE8 /* ApolloWebSocket */; };
		3871B8B42DE7E62200693FE8 /* Shopify in Frameworks */ = {isa = PBXBuildFile; productRef = 3871B8B32DE7E62200693FE8 /* Shopify */; };
/* End PBXBuildFile section */

/* Begin PBXFileReference section */
		3864DD9F2DE7F73000AE5510 /* getVendors.graphql */ = {isa = PBXFileReference; lastKnownFileType = text; path = getVendors.graphql; sourceTree = "<group>"; };
		3871B8AC2DE7E56500693FE8 /* API */ = {isa = PBXFileReference; lastKnownFileType = wrapper; path = API; sourceTree = "<group>"; };
		3871B8AD2DE7E56500693FE8 /* getProducts.graphql */ = {isa = PBXFileReference; lastKnownFileType = text; path = getProducts.graphql; sourceTree = "<group>"; };
		3871B8AE2DE7E56500693FE8 /* schema.graphqls */ = {isa = PBXFileReference; lastKnownFileType = text; path = schema.graphqls; sourceTree = "<group>"; };
		38ADCE262DE630F8005EEC69 /* Shoprenia-Admin.app */ = {isa = PBXFileReference; explicitFileType = wrapper.application; includeInIndex = 0; path = "Shoprenia-Admin.app"; sourceTree = BUILT_PRODUCTS_DIR; };
/* End PBXFileReference section */

/* Begin PBXFileSystemSynchronizedRootGroup section */
		3891BEC02DEA122600F5550E /* App */ = {
			isa = PBXFileSystemSynchronizedRootGroup;
			path = App;
			sourceTree = "<group>";
		};
		3891BEC12DEA123500F5550E /* Assets */ = {
			isa = PBXFileSystemSynchronizedRootGroup;
			path = Assets;
			sourceTree = "<group>";
		};
		38ADCE282DE630F8005EEC69 /* Shoprenia-Admin */ = {
			isa = PBXFileSystemSynchronizedRootGroup;
			path = "Shoprenia-Admin";
			sourceTree = "<group>";
		};
/* End PBXFileSystemSynchronizedRootGroup section */

/* Begin PBXFrameworksBuildPhase section */
		38ADCE232DE630F8005EEC69 /* Frameworks */ = {
			isa = PBXFrameworksBuildPhase;
			buildActionMask = 2147483647;
			files = (
				3871B8B42DE7E62200693FE8 /* Shopify in Frameworks */,
				3871B8A42DE7DDE800693FE8 /* Apollo in Frameworks */,
				3871B8A62DE7DDE800693FE8 /* ApolloWebSocket in Frameworks */,
			);
			runOnlyForDeploymentPostprocessing = 0;
		};
/* End PBXFrameworksBuildPhase section */

/* Begin PBXGroup section */
		3871B8AF2DE7E56500693FE8 /* GraphQL */ = {
			isa = PBXGroup;
			children = (
				3871B8AC2DE7E56500693FE8 /* API */,
				3871B8AD2DE7E56500693FE8 /* getProducts.graphql */,
				3864DD9F2DE7F73000AE5510 /* getVendors.graphql */,
				3871B8AE2DE7E56500693FE8 /* schema.graphqls */,
			);
			path = GraphQL;
			sourceTree = "<group>";
		};
		3871B8B52DE7E6B100693FE8 /* Frameworks */ = {
			isa = PBXGroup;
			children = (
			);
			name = Frameworks;
			sourceTree = "<group>";
		};
		38ADCE1D2DE630F8005EEC69 = {
			isa = PBXGroup;
			children = (
				3891BEC12DEA123500F5550E /* Assets */,
				3891BEC02DEA122600F5550E /* App */,
				3871B8AF2DE7E56500693FE8 /* GraphQL */,
				38ADCE282DE630F8005EEC69 /* Shoprenia-Admin */,
				3871B8B52DE7E6B100693FE8 /* Frameworks */,
				38ADCE272DE630F8005EEC69 /* Products */,
			);
			sourceTree = "<group>";
		};
		38ADCE272DE630F8005EEC69 /* Products */ = {
			isa = PBXGroup;
			children = (
				38ADCE262DE630F8005EEC69 /* Shoprenia-Admin.app */,
			);
			name = Products;
			sourceTree = "<group>";
		};
/* End PBXGroup section */

/* Begin PBXNativeTarget section */
		38ADCE252DE630F8005EEC69 /* Shoprenia-Admin */ = {
			isa = PBXNativeTarget;
			buildConfigurationList = 38ADCE312DE630FA005EEC69 /* Build configuration list for PBXNativeTarget "Shoprenia-Admin" */;
			buildPhases = (
				38ADCE222DE630F8005EEC69 /* Sources */,
				38ADCE232DE630F8005EEC69 /* Frameworks */,
				38ADCE242DE630F8005EEC69 /* Resources */,
			);
			buildRules = (
			);
			dependencies = (
			);
			fileSystemSynchronizedGroups = (
				3891BEC02DEA122600F5550E /* App */,
				3891BEC12DEA123500F5550E /* Assets */,
				38ADCE282DE630F8005EEC69 /* Shoprenia-Admin */,
			);
			name = "Shoprenia-Admin";
			packageProductDependencies = (
				3871B8A32DE7DDE800693FE8 /* Apollo */,
				3871B8A52DE7DDE800693FE8 /* ApolloWebSocket */,
				3871B8B32DE7E62200693FE8 /* Shopify */,
			);
			productName = "Shoprenia-Admin";
			productReference = 38ADCE262DE630F8005EEC69 /* Shoprenia-Admin.app */;
			productType = "com.apple.product-type.application";
		};
/* End PBXNativeTarget section */

/* Begin PBXProject section */
		38ADCE1E2DE630F8005EEC69 /* Project object */ = {
			isa = PBXProject;
			attributes = {
				BuildIndependentTargetsInParallel = 1;
				LastSwiftUpdateCheck = 1630;
				LastUpgradeCheck = 1630;
				TargetAttributes = {
					38ADCE252DE630F8005EEC69 = {
						CreatedOnToolsVersion = 16.3;
					};
				};
			};
			buildConfigurationList = 38ADCE212DE630F8005EEC69 /* Build configuration list for PBXProject "Shoprenia-Admin" */;
			developmentRegion = en;
			hasScannedForEncodings = 0;
			knownRegions = (
				en,
				Base,
			);
			mainGroup = 38ADCE1D2DE630F8005EEC69;
			minimizedProjectReferenceProxies = 1;
			packageReferences = (
				3871B8A22DE7DDE800693FE8 /* XCRemoteSwiftPackageReference "apollo-ios" */,
				3871B8B22DE7E62200693FE8 /* XCLocalSwiftPackageReference "GraphQL/API" */,
			);
			preferredProjectObjectVersion = 77;
			productRefGroup = 38ADCE272DE630F8005EEC69 /* Products */;
			projectDirPath = "";
			projectRoot = "";
			targets = (
				38ADCE252DE630F8005EEC69 /* Shoprenia-Admin */,
			);
		};
/* End PBXProject section */

/* Begin PBXResourcesBuildPhase section */
		38ADCE242DE630F8005EEC69 /* Resources */ = {
			isa = PBXResourcesBuildPhase;
			buildActionMask = 2147483647;
			files = (
			);
			runOnlyForDeploymentPostprocessing = 0;
		};
/* End PBXResourcesBuildPhase section */

/* Begin PBXSourcesBuildPhase section */
		38ADCE222DE630F8005EEC69 /* Sources */ = {
			isa = PBXSourcesBuildPhase;
			buildActionMask = 2147483647;
			files = (
			);
			runOnlyForDeploymentPostprocessing = 0;
		};
/* End PBXSourcesBuildPhase section */

/* Begin XCBuildConfiguration section */
		38ADCE2F2DE630FA005EEC69 /* Debug */ = {
			isa = XCBuildConfiguration;
			buildSettings = {
				ALWAYS_SEARCH_USER_PATHS = NO;
				ASSETCATALOG_COMPILER_GENERATE_SWIFT_ASSET_SYMBOL_EXTENSIONS = YES;
				CLANG_ANALYZER_NONNULL = YES;
				CLANG_ANALYZER_NUMBER_OBJECT_CONVERSION = YES_AGGRESSIVE;
				CLANG_CXX_LANGUAGE_STANDARD = "gnu++20";
				CLANG_ENABLE_MODULES = YES;
				CLANG_ENABLE_OBJC_ARC = YES;
				CLANG_ENABLE_OBJC_WEAK = YES;
				CLANG_WARN_BLOCK_CAPTURE_AUTORELEASING = YES;
				CLANG_WARN_BOOL_CONVERSION = YES;
				CLANG_WARN_COMMA = YES;
				CLANG_WARN_CONSTANT_CONVERSION = YES;
				CLANG_WARN_DEPRECATED_OBJC_IMPLEMENTATIONS = YES;
				CLANG_WARN_DIRECT_OBJC_ISA_USAGE = YES_ERROR;
				CLANG_WARN_DOCUMENTATION_COMMENTS = YES;
				CLANG_WARN_EMPTY_BODY = YES;
				CLANG_WARN_ENUM_CONVERSION = YES;
				CLANG_WARN_INFINITE_RECURSION = YES;
				CLANG_WARN_INT_CONVERSION = YES;
				CLANG_WARN_NON_LITERAL_NULL_CONVERSION = YES;
				CLANG_WARN_OBJC_IMPLICIT_RETAIN_SELF = YES;
				CLANG_WARN_OBJC_LITERAL_CONVERSION = YES;
				CLANG_WARN_OBJC_ROOT_CLASS = YES_ERROR;
				CLANG_WARN_QUOTED_INCLUDE_IN_FRAMEWORK_HEADER = YES;
				CLANG_WARN_RANGE_LOOP_ANALYSIS = YES;
				CLANG_WARN_STRICT_PROTOTYPES = YES;
				CLANG_WARN_SUSPICIOUS_MOVE = YES;
				CLANG_WARN_UNGUARDED_AVAILABILITY = YES_AGGRESSIVE;
				CLANG_WARN_UNREACHABLE_CODE = YES;
				CLANG_WARN__DUPLICATE_METHOD_MATCH = YES;
				COPY_PHASE_STRIP = NO;
				DEBUG_INFORMATION_FORMAT = dwarf;
				ENABLE_STRICT_OBJC_MSGSEND = YES;
				ENABLE_TESTABILITY = YES;
				ENABLE_USER_SCRIPT_SANDBOXING = YES;
				GCC_C_LANGUAGE_STANDARD = gnu17;
				GCC_DYNAMIC_NO_PIC = NO;
				GCC_NO_COMMON_BLOCKS = YES;
				GCC_OPTIMIZATION_LEVEL = 0;
				GCC_PREPROCESSOR_DEFINITIONS = (
					"DEBUG=1",
					"$(inherited)",
				);
				GCC_WARN_64_TO_32_BIT_CONVERSION = YES;
				GCC_WARN_ABOUT_RETURN_TYPE = YES_ERROR;
				GCC_WARN_UNDECLARED_SELECTOR = YES;
				GCC_WARN_UNINITIALIZED_AUTOS = YES_AGGRESSIVE;
				GCC_WARN_UNUSED_FUNCTION = YES;
				GCC_WARN_UNUSED_VARIABLE = YES;
				IPHONEOS_DEPLOYMENT_TARGET = 18.4;
				LOCALIZATION_PREFERS_STRING_CATALOGS = YES;
				MTL_ENABLE_DEBUG_INFO = INCLUDE_SOURCE;
				MTL_FAST_MATH = YES;
				ONLY_ACTIVE_ARCH = YES;
				SDKROOT = iphoneos;
				SWIFT_ACTIVE_COMPILATION_CONDITIONS = "DEBUG $(inherited)";
				SWIFT_OPTIMIZATION_LEVEL = "-Onone";
			};
			name = Debug;
		};
		38ADCE302DE630FA005EEC69 /* Release */ = {
			isa = XCBuildConfiguration;
			buildSettings = {
				ALWAYS_SEARCH_USER_PATHS = NO;
				ASSETCATALOG_COMPILER_GENERATE_SWIFT_ASSET_SYMBOL_EXTENSIONS = YES;
				CLANG_ANALYZER_NONNULL = YES;
				CLANG_ANALYZER_NUMBER_OBJECT_CONVERSION = YES_AGGRESSIVE;
				CLANG_CXX_LANGUAGE_STANDARD = "gnu++20";
				CLANG_ENABLE_MODULES = YES;
				CLANG_ENABLE_OBJC_ARC = YES;
				CLANG_ENABLE_OBJC_WEAK = YES;
				CLANG_WARN_BLOCK_CAPTURE_AUTORELEASING = YES;
				CLANG_WARN_BOOL_CONVERSION = YES;
				CLANG_WARN_COMMA = YES;
				CLANG_WARN_CONSTANT_CONVERSION = YES;
				CLANG_WARN_DEPRECATED_OBJC_IMPLEMENTATIONS = YES;
				CLANG_WARN_DIRECT_OBJC_ISA_USAGE = YES_ERROR;
				CLANG_WARN_DOCUMENTATION_COMMENTS = YES;
				CLANG_WARN_EMPTY_BODY = YES;
				CLANG_WARN_ENUM_CONVERSION = YES;
				CLANG_WARN_INFINITE_RECURSION = YES;
				CLANG_WARN_INT_CONVERSION = YES;
				CLANG_WARN_NON_LITERAL_NULL_CONVERSION = YES;
				CLANG_WARN_OBJC_IMPLICIT_RETAIN_SELF = YES;
				CLANG_WARN_OBJC_LITERAL_CONVERSION = YES;
				CLANG_WARN_OBJC_ROOT_CLASS = YES_ERROR;
				CLANG_WARN_QUOTED_INCLUDE_IN_FRAMEWORK_HEADER = YES;
				CLANG_WARN_RANGE_LOOP_ANALYSIS = YES;
				CLANG_WARN_STRICT_PROTOTYPES = YES;
				CLANG_WARN_SUSPICIOUS_MOVE = YES;
				CLANG_WARN_UNGUARDED_AVAILABILITY = YES_AGGRESSIVE;
				CLANG_WARN_UNREACHABLE_CODE = YES;
				CLANG_WARN__DUPLICATE_METHOD_MATCH = YES;
				COPY_PHASE_STRIP = NO;
				DEBUG_INFORMATION_FORMAT = "dwarf-with-dsym";
				ENABLE_NS_ASSERTIONS = NO;
				ENABLE_STRICT_OBJC_MSGSEND = YES;
				ENABLE_USER_SCRIPT_SANDBOXING = YES;
				GCC_C_LANGUAGE_STANDARD = gnu17;
				GCC_NO_COMMON_BLOCKS = YES;
				GCC_WARN_64_TO_32_BIT_CONVERSION = YES;
				GCC_WARN_ABOUT_RETURN_TYPE = YES_ERROR;
				GCC_WARN_UNDECLARED_SELECTOR = YES;
				GCC_WARN_UNINITIALIZED_AUTOS = YES_AGGRESSIVE;
				GCC_WARN_UNUSED_FUNCTION = YES;
				GCC_WARN_UNUSED_VARIABLE = YES;
				IPHONEOS_DEPLOYMENT_TARGET = 18.4;
				LOCALIZATION_PREFERS_STRING_CATALOGS = YES;
				MTL_ENABLE_DEBUG_INFO = NO;
				MTL_FAST_MATH = YES;
				SDKROOT = iphoneos;
				SWIFT_COMPILATION_MODE = wholemodule;
				VALIDATE_PRODUCT = YES;
			};
			name = Release;
		};
		38ADCE322DE630FA005EEC69 /* Debug */ = {
			isa = XCBuildConfiguration;
			buildSettings = {
				ASSETCATALOG_COMPILER_APPICON_NAME = AppIcon;
				ASSETCATALOG_COMPILER_GLOBAL_ACCENT_COLOR_NAME = AccentColor;
				CODE_SIGN_STYLE = Automatic;
				CURRENT_PROJECT_VERSION = 1;
				ENABLE_PREVIEWS = YES;
				GENERATE_INFOPLIST_FILE = YES;
				INFOPLIST_KEY_UIApplicationSceneManifest_Generation = YES;
				INFOPLIST_KEY_UIApplicationSupportsIndirectInputEvents = YES;
				INFOPLIST_KEY_UILaunchScreen_Generation = YES;
				INFOPLIST_KEY_UISupportedInterfaceOrientations_iPad = "UIInterfaceOrientationPortrait UIInterfaceOrientationPortraitUpsideDown UIInterfaceOrientationLandscapeLeft UIInterfaceOrientationLandscapeRight";
				INFOPLIST_KEY_UISupportedInterfaceOrientations_iPhone = "UIInterfaceOrientationPortrait UIInterfaceOrientationLandscapeLeft UIInterfaceOrientationLandscapeRight";
				LD_RUNPATH_SEARCH_PATHS = (
					"$(inherited)",
					"@executable_path/Frameworks",
				);
				MARKETING_VERSION = 1.0;
				PRODUCT_BUNDLE_IDENTIFIER = "ITI.Shoprenia-Admin";
				PRODUCT_NAME = "$(TARGET_NAME)";
				SWIFT_EMIT_LOC_STRINGS = YES;
				SWIFT_VERSION = 5.0;
				TARGETED_DEVICE_FAMILY = "1,2";
			};
			name = Debug;
		};
		38ADCE332DE630FA005EEC69 /* Release */ = {
			isa = XCBuildConfiguration;
			buildSettings = {
				ASSETCATALOG_COMPILER_APPICON_NAME = AppIcon;
				ASSETCATALOG_COMPILER_GLOBAL_ACCENT_COLOR_NAME = AccentColor;
				CODE_SIGN_STYLE = Automatic;
				CURRENT_PROJECT_VERSION = 1;
				ENABLE_PREVIEWS = YES;
				GENERATE_INFOPLIST_FILE = YES;
				INFOPLIST_KEY_UIApplicationSceneManifest_Generation = YES;
				INFOPLIST_KEY_UIApplicationSupportsIndirectInputEvents = YES;
				INFOPLIST_KEY_UILaunchScreen_Generation = YES;
				INFOPLIST_KEY_UISupportedInterfaceOrientations_iPad = "UIInterfaceOrientationPortrait UIInterfaceOrientationPortraitUpsideDown UIInterfaceOrientationLandscapeLeft UIInterfaceOrientationLandscapeRight";
				INFOPLIST_KEY_UISupportedInterfaceOrientations_iPhone = "UIInterfaceOrientationPortrait UIInterfaceOrientationLandscapeLeft UIInterfaceOrientationLandscapeRight";
				LD_RUNPATH_SEARCH_PATHS = (
					"$(inherited)",
					"@executable_path/Frameworks",
				);
				MARKETING_VERSION = 1.0;
				PRODUCT_BUNDLE_IDENTIFIER = "ITI.Shoprenia-Admin";
				PRODUCT_NAME = "$(TARGET_NAME)";
				SWIFT_EMIT_LOC_STRINGS = YES;
				SWIFT_VERSION = 5.0;
				TARGETED_DEVICE_FAMILY = "1,2";
			};
			name = Release;
		};
/* End XCBuildConfiguration section */

/* Begin XCConfigurationList section */
		38ADCE212DE630F8005EEC69 /* Build configuration list for PBXProject "Shoprenia-Admin" */ = {
			isa = XCConfigurationList;
			buildConfigurations = (
				38ADCE2F2DE630FA005EEC69 /* Debug */,
				38ADCE302DE630FA005EEC69 /* Release */,
			);
			defaultConfigurationIsVisible = 0;
			defaultConfigurationName = Release;
		};
		38ADCE312DE630FA005EEC69 /* Build configuration list for PBXNativeTarget "Shoprenia-Admin" */ = {
			isa = XCConfigurationList;
			buildConfigurations = (
				38ADCE322DE630FA005EEC69 /* Debug */,
				38ADCE332DE630FA005EEC69 /* Release */,
			);
			defaultConfigurationIsVisible = 0;
			defaultConfigurationName = Release;
		};
/* End XCConfigurationList section */

/* Begin XCLocalSwiftPackageReference section */
		3871B8B22DE7E62200693FE8 /* XCLocalSwiftPackageReference "GraphQL/API" */ = {
			isa = XCLocalSwiftPackageReference;
			relativePath = GraphQL/API;
		};
/* End XCLocalSwiftPackageReference section */

/* Begin XCRemoteSwiftPackageReference section */
		3871B8A22DE7DDE800693FE8 /* XCRemoteSwiftPackageReference "apollo-ios" */ = {
			isa = XCRemoteSwiftPackageReference;
			repositoryURL = "https://github.com/apollographql/apollo-ios.git";
			requirement = {
				kind = upToNextMinorVersion;
				minimumVersion = 1.21.0;
			};
		};
/* End XCRemoteSwiftPackageReference section */

/* Begin XCSwiftPackageProductDependency section */
		3871B8A32DE7DDE800693FE8 /* Apollo */ = {
			isa = XCSwiftPackageProductDependency;
			package = 3871B8A22DE7DDE800693FE8 /* XCRemoteSwiftPackageReference "apollo-ios" */;
			productName = Apollo;
		};
		3871B8A52DE7DDE800693FE8 /* ApolloWebSocket */ = {
			isa = XCSwiftPackageProductDependency;
			package = 3871B8A22DE7DDE800693FE8 /* XCRemoteSwiftPackageReference "apollo-ios" */;
			productName = ApolloWebSocket;
		};
		3871B8B32DE7E62200693FE8 /* Shopify */ = {
			isa = XCSwiftPackageProductDependency;
			productName = Shopify;
		};
/* End XCSwiftPackageProductDependency section */
	};
	rootObject = 38ADCE1E2DE630F8005EEC69 /* Project object */;
}
